// !$*UTF8*$!
{
	archiveVersion = 1;
	classes = {
	};
	objectVersion = 50;
	objects = {

/* Begin PBXBuildFile section */
		521D613F228B04EF00D9127E /* SideViewController.swift in Sources */ = {isa = PBXBuildFile; fileRef = 521D613E228B04EF00D9127E /* SideViewController.swift */; };
		521D6141228B051D00D9127E /* HomeViewController.swift in Sources */ = {isa = PBXBuildFile; fileRef = 521D6140228B051D00D9127E /* HomeViewController.swift */; };
		521D6143228B057100D9127E /* SplitViewController.swift in Sources */ = {isa = PBXBuildFile; fileRef = 521D6142228B057100D9127E /* SplitViewController.swift */; };
		521D6145228B05AA00D9127E /* SplitView.swift in Sources */ = {isa = PBXBuildFile; fileRef = 521D6144228B05AA00D9127E /* SplitView.swift */; };
		522D315722BB9E2D00253814 /* PaymentViewController.swift in Sources */ = {isa = PBXBuildFile; fileRef = 522D315622BB9E2C00253814 /* PaymentViewController.swift */; };
		522D315922BBA07500253814 /* FPClipView.swift in Sources */ = {isa = PBXBuildFile; fileRef = 522D315822BBA07500253814 /* FPClipView.swift */; };
		522D315B22BBCA2600253814 /* PaymentModeViewController.swift in Sources */ = {isa = PBXBuildFile; fileRef = 522D315A22BBCA2600253814 /* PaymentModeViewController.swift */; };
		522D315D22C0C39700253814 /* yourRidesViewController.swift in Sources */ = {isa = PBXBuildFile; fileRef = 522D315C22C0C39700253814 /* yourRidesViewController.swift */; };
		522D315F22C0EA9A00253814 /* UpcomingBookingsTableCellView.swift in Sources */ = {isa = PBXBuildFile; fileRef = 522D315E22C0EA9A00253814 /* UpcomingBookingsTableCellView.swift */; };
		5231D536227C423A00F1EF8F /* MainWindowController.swift in Sources */ = {isa = PBXBuildFile; fileRef = 5231D534227C423A00F1EF8F /* MainWindowController.swift */; };
		52425D1F227DFCCA0038801F /* Constants.swift in Sources */ = {isa = PBXBuildFile; fileRef = 52425D1E227DFCCA0038801F /* Constants.swift */; };
		52425D21227DFDAD0038801F /* NSViewExtension.swift in Sources */ = {isa = PBXBuildFile; fileRef = 52425D20227DFDAD0038801F /* NSViewExtension.swift */; };
		524CD08922706595008F1275 /* CarViewController.swift in Sources */ = {isa = PBXBuildFile; fileRef = 524CD08822706595008F1275 /* CarViewController.swift */; };
		524CD08B22706A06008F1275 /* KSTableCellView.swift in Sources */ = {isa = PBXBuildFile; fileRef = 524CD08A22706A06008F1275 /* KSTableCellView.swift */; };
		527E106722A6737200DC42DB /* CalenderViewController.swift in Sources */ = {isa = PBXBuildFile; fileRef = 527E106622A6737200DC42DB /* CalenderViewController.swift */; };
		527E106B22A67D5600DC42DB /* IntegerExtension.swift in Sources */ = {isa = PBXBuildFile; fileRef = 527E106A22A67D5600DC42DB /* IntegerExtension.swift */; };
		527E106D22A9851900DC42DB /* ConfirmationViewController.swift in Sources */ = {isa = PBXBuildFile; fileRef = 527E106C22A9851900DC42DB /* ConfirmationViewController.swift */; };
		5282E448227F3BFB005AE41A /* LoginViewController.swift in Sources */ = {isa = PBXBuildFile; fileRef = 5282E447227F3BFB005AE41A /* LoginViewController.swift */; };
		5282E44B227F3C68005AE41A /* CreateAccountViewController.swift in Sources */ = {isa = PBXBuildFile; fileRef = 5282E449227F3C68005AE41A /* CreateAccountViewController.swift */; };
		5282E44E227F3C95005AE41A /* ProceedCreateViewController.swift in Sources */ = {isa = PBXBuildFile; fileRef = 5282E44D227F3C95005AE41A /* ProceedCreateViewController.swift */; };
		52A84F332237B45A0028ADFF /* AppDelegate.swift in Sources */ = {isa = PBXBuildFile; fileRef = 52A84F322237B45A0028ADFF /* AppDelegate.swift */; };
		52A84F352237B45A0028ADFF /* ViewController.swift in Sources */ = {isa = PBXBuildFile; fileRef = 52A84F342237B45A0028ADFF /* ViewController.swift */; };
		52A84F372237B45B0028ADFF /* Assets.xcassets in Resources */ = {isa = PBXBuildFile; fileRef = 52A84F362237B45B0028ADFF /* Assets.xcassets */; };
		52A84F3A2237B45B0028ADFF /* Main.storyboard in Resources */ = {isa = PBXBuildFile; fileRef = 52A84F382237B45B0028ADFF /* Main.storyboard */; };
		52A84F462237B45C0028ADFF /* ZoomcarTests.swift in Sources */ = {isa = PBXBuildFile; fileRef = 52A84F452237B45C0028ADFF /* ZoomcarTests.swift */; };
		52A84F512237B45C0028ADFF /* ZoomcarUITests.swift in Sources */ = {isa = PBXBuildFile; fileRef = 52A84F502237B45C0028ADFF /* ZoomcarUITests.swift */; };
		52A84F6A2238C9290028ADFF /* BookingView.swift in Sources */ = {isa = PBXBuildFile; fileRef = 52A84F692238C9290028ADFF /* BookingView.swift */; };
		52A84F6C2238D34B0028ADFF /* BookingPresenter.swift in Sources */ = {isa = PBXBuildFile; fileRef = 52A84F6B2238D34B0028ADFF /* BookingPresenter.swift */; };
		52A84F6E2238D68B0028ADFF /* BookingPresentationContract.swift in Sources */ = {isa = PBXBuildFile; fileRef = 52A84F6D2238D68B0028ADFF /* BookingPresentationContract.swift */; };
		52A84F702238DCD60028ADFF /* DateValidator.swift in Sources */ = {isa = PBXBuildFile; fileRef = 52A84F6F2238DCD60028ADFF /* DateValidator.swift */; };
		52A84F7422391CC20028ADFF /* Car.swift in Sources */ = {isa = PBXBuildFile; fileRef = 52A84F7322391CC20028ADFF /* Car.swift */; };
		52A84F76223921520028ADFF /* BookingDetails.swift in Sources */ = {isa = PBXBuildFile; fileRef = 52A84F75223921510028ADFF /* BookingDetails.swift */; };
		52A84F78223926CE0028ADFF /* Branch.swift in Sources */ = {isa = PBXBuildFile; fileRef = 52A84F77223926CE0028ADFF /* Branch.swift */; };
		52A84F7E223A63F50028ADFF /* Booking.swift in Sources */ = {isa = PBXBuildFile; fileRef = 52A84F7D223A63F50028ADFF /* Booking.swift */; };
		52A84F80223A8CD20028ADFF /* BookingDatabaseService.swift in Sources */ = {isa = PBXBuildFile; fileRef = 52A84F7F223A8CD20028ADFF /* BookingDatabaseService.swift */; };
		52A84F82223B258C0028ADFF /* BookingDatabaseManager.swift in Sources */ = {isa = PBXBuildFile; fileRef = 52A84F81223B258C0028ADFF /* BookingDatabaseManager.swift */; };
		52A84F84223B29A60028ADFF /* GetBookingDataContract.swift in Sources */ = {isa = PBXBuildFile; fileRef = 52A84F83223B29A60028ADFF /* GetBookingDataContract.swift */; };
		52A84F86223B2D130028ADFF /* GetBookingDatabaseContract.swift in Sources */ = {isa = PBXBuildFile; fileRef = 52A84F85223B2D130028ADFF /* GetBookingDatabaseContract.swift */; };
		52AD48C2229D6F830006DBCD /* FilterViewController.swift in Sources */ = {isa = PBXBuildFile; fileRef = 52AD48C1229D6F830006DBCD /* FilterViewController.swift */; };
		52B7910E22C2951E00A72DA8 /* Payment.swift in Sources */ = {isa = PBXBuildFile; fileRef = 52B7910D22C2951E00A72DA8 /* Payment.swift */; };
		52B7911022C381C700A72DA8 /* completedBookingsTableCellView.swift in Sources */ = {isa = PBXBuildFile; fileRef = 52B7910F22C381C700A72DA8 /* completedBookingsTableCellView.swift */; };
		52B7911222C48A4400A72DA8 /* BookingInvoiceViewController.swift in Sources */ = {isa = PBXBuildFile; fileRef = 52B7911122C48A4300A72DA8 /* BookingInvoiceViewController.swift */; };
		52C8640122C51DD200F03821 /* MapkitExtension.swift in Sources */ = {isa = PBXBuildFile; fileRef = 52C8640022C51DD200F03821 /* MapkitExtension.swift */; };
		52C8640322C5B4A100F03821 /* CompletedRideBookingViewController.swift in Sources */ = {isa = PBXBuildFile; fileRef = 52C8640222C5B4A100F03821 /* CompletedRideBookingViewController.swift */; };
		52F08D3E22B39B87003EBD8C /* NSTextfieldExtension.swift in Sources */ = {isa = PBXBuildFile; fileRef = 52F08D3D22B39B87003EBD8C /* NSTextfieldExtension.swift */; };
		52F08D4022B69E1F003EBD8C /* LocationViewController.swift in Sources */ = {isa = PBXBuildFile; fileRef = 52F08D3F22B69E1F003EBD8C /* LocationViewController.swift */; };
		52F08D4222B6A02A003EBD8C /* AddressViewcontroller.swift in Sources */ = {isa = PBXBuildFile; fileRef = 52F08D4122B6A02A003EBD8C /* AddressViewcontroller.swift */; };
		52F08D4422B6A3C3003EBD8C /* ASTableCellView.swift in Sources */ = {isa = PBXBuildFile; fileRef = 52F08D4322B6A3C3003EBD8C /* ASTableCellView.swift */; };
		52F5A7E1229D0ED400220F29 /* NSButtonExtension.swift in Sources */ = {isa = PBXBuildFile; fileRef = 52F5A7E0229D0ED400220F29 /* NSButtonExtension.swift */; };
		52F5A7E3229D0FD100220F29 /* BinaryFloatingPointExtension.swift in Sources */ = {isa = PBXBuildFile; fileRef = 52F5A7E2229D0FD100220F29 /* BinaryFloatingPointExtension.swift */; };
/* End PBXBuildFile section */

/* Begin PBXContainerItemProxy section */
		52A84F422237B45C0028ADFF /* PBXContainerItemProxy */ = {
			isa = PBXContainerItemProxy;
			containerPortal = 52A84F272237B45A0028ADFF /* Project object */;
			proxyType = 1;
			remoteGlobalIDString = 52A84F2E2237B45A0028ADFF;
			remoteInfo = Zoomcar;
		};
		52A84F4D2237B45C0028ADFF /* PBXContainerItemProxy */ = {
			isa = PBXContainerItemProxy;
			containerPortal = 52A84F272237B45A0028ADFF /* Project object */;
			proxyType = 1;
			remoteGlobalIDString = 52A84F2E2237B45A0028ADFF;
			remoteInfo = Zoomcar;
		};
/* End PBXContainerItemProxy section */

/* Begin PBXFileReference section */
		521D613E228B04EF00D9127E /* SideViewController.swift */ = {isa = PBXFileReference; lastKnownFileType = sourcecode.swift; path = SideViewController.swift; sourceTree = "<group>"; };
		521D6140228B051D00D9127E /* HomeViewController.swift */ = {isa = PBXFileReference; lastKnownFileType = sourcecode.swift; path = HomeViewController.swift; sourceTree = "<group>"; };
		521D6142228B057100D9127E /* SplitViewController.swift */ = {isa = PBXFileReference; lastKnownFileType = sourcecode.swift; path = SplitViewController.swift; sourceTree = "<group>"; };
		521D6144228B05AA00D9127E /* SplitView.swift */ = {isa = PBXFileReference; lastKnownFileType = sourcecode.swift; path = SplitView.swift; sourceTree = "<group>"; };
		522D315622BB9E2C00253814 /* PaymentViewController.swift */ = {isa = PBXFileReference; lastKnownFileType = sourcecode.swift; path = PaymentViewController.swift; sourceTree = "<group>"; };
		522D315822BBA07500253814 /* FPClipView.swift */ = {isa = PBXFileReference; lastKnownFileType = sourcecode.swift; path = FPClipView.swift; sourceTree = "<group>"; };
		522D315A22BBCA2600253814 /* PaymentModeViewController.swift */ = {isa = PBXFileReference; lastKnownFileType = sourcecode.swift; path = PaymentModeViewController.swift; sourceTree = "<group>"; };
		522D315C22C0C39700253814 /* yourRidesViewController.swift */ = {isa = PBXFileReference; lastKnownFileType = sourcecode.swift; path = yourRidesViewController.swift; sourceTree = "<group>"; };
		522D315E22C0EA9A00253814 /* UpcomingBookingsTableCellView.swift */ = {isa = PBXFileReference; lastKnownFileType = sourcecode.swift; path = UpcomingBookingsTableCellView.swift; sourceTree = "<group>"; };
		5231D534227C423A00F1EF8F /* MainWindowController.swift */ = {isa = PBXFileReference; lastKnownFileType = sourcecode.swift; path = MainWindowController.swift; sourceTree = "<group>"; };
		52425D1E227DFCCA0038801F /* Constants.swift */ = {isa = PBXFileReference; lastKnownFileType = sourcecode.swift; path = Constants.swift; sourceTree = "<group>"; };
		52425D20227DFDAD0038801F /* NSViewExtension.swift */ = {isa = PBXFileReference; lastKnownFileType = sourcecode.swift; path = NSViewExtension.swift; sourceTree = "<group>"; };
		524CD08822706595008F1275 /* CarViewController.swift */ = {isa = PBXFileReference; lastKnownFileType = sourcecode.swift; path = CarViewController.swift; sourceTree = "<group>"; };
		524CD08A22706A06008F1275 /* KSTableCellView.swift */ = {isa = PBXFileReference; lastKnownFileType = sourcecode.swift; path = KSTableCellView.swift; sourceTree = "<group>"; };
		527E106622A6737200DC42DB /* CalenderViewController.swift */ = {isa = PBXFileReference; lastKnownFileType = sourcecode.swift; path = CalenderViewController.swift; sourceTree = "<group>"; };
		527E106A22A67D5600DC42DB /* IntegerExtension.swift */ = {isa = PBXFileReference; lastKnownFileType = sourcecode.swift; path = IntegerExtension.swift; sourceTree = "<group>"; };
		527E106C22A9851900DC42DB /* ConfirmationViewController.swift */ = {isa = PBXFileReference; lastKnownFileType = sourcecode.swift; path = ConfirmationViewController.swift; sourceTree = "<group>"; };
		5282E447227F3BFB005AE41A /* LoginViewController.swift */ = {isa = PBXFileReference; lastKnownFileType = sourcecode.swift; path = LoginViewController.swift; sourceTree = "<group>"; };
		5282E449227F3C68005AE41A /* CreateAccountViewController.swift */ = {isa = PBXFileReference; lastKnownFileType = sourcecode.swift; path = CreateAccountViewController.swift; sourceTree = "<group>"; };
		5282E44D227F3C95005AE41A /* ProceedCreateViewController.swift */ = {isa = PBXFileReference; lastKnownFileType = sourcecode.swift; path = ProceedCreateViewController.swift; sourceTree = "<group>"; };
		52A84F2F2237B45A0028ADFF /* Zoomcar.app */ = {isa = PBXFileReference; explicitFileType = wrapper.application; includeInIndex = 0; path = Zoomcar.app; sourceTree = BUILT_PRODUCTS_DIR; };
		52A84F322237B45A0028ADFF /* AppDelegate.swift */ = {isa = PBXFileReference; lastKnownFileType = sourcecode.swift; path = AppDelegate.swift; sourceTree = "<group>"; };
		52A84F342237B45A0028ADFF /* ViewController.swift */ = {isa = PBXFileReference; lastKnownFileType = sourcecode.swift; path = ViewController.swift; sourceTree = "<group>"; };
		52A84F362237B45B0028ADFF /* Assets.xcassets */ = {isa = PBXFileReference; lastKnownFileType = folder.assetcatalog; path = Assets.xcassets; sourceTree = "<group>"; };
		52A84F392237B45B0028ADFF /* Base */ = {isa = PBXFileReference; lastKnownFileType = file.storyboard; name = Base; path = Base.lproj/Main.storyboard; sourceTree = "<group>"; };
		52A84F3B2237B45C0028ADFF /* Info.plist */ = {isa = PBXFileReference; lastKnownFileType = text.plist.xml; path = Info.plist; sourceTree = "<group>"; };
		52A84F3C2237B45C0028ADFF /* Zoomcar.entitlements */ = {isa = PBXFileReference; lastKnownFileType = text.plist.entitlements; path = Zoomcar.entitlements; sourceTree = "<group>"; };
		52A84F412237B45C0028ADFF /* ZoomcarTests.xctest */ = {isa = PBXFileReference; explicitFileType = wrapper.cfbundle; includeInIndex = 0; path = ZoomcarTests.xctest; sourceTree = BUILT_PRODUCTS_DIR; };
		52A84F452237B45C0028ADFF /* ZoomcarTests.swift */ = {isa = PBXFileReference; lastKnownFileType = sourcecode.swift; path = ZoomcarTests.swift; sourceTree = "<group>"; };
		52A84F472237B45C0028ADFF /* Info.plist */ = {isa = PBXFileReference; lastKnownFileType = text.plist.xml; path = Info.plist; sourceTree = "<group>"; };
		52A84F4C2237B45C0028ADFF /* ZoomcarUITests.xctest */ = {isa = PBXFileReference; explicitFileType = wrapper.cfbundle; includeInIndex = 0; path = ZoomcarUITests.xctest; sourceTree = BUILT_PRODUCTS_DIR; };
		52A84F502237B45C0028ADFF /* ZoomcarUITests.swift */ = {isa = PBXFileReference; lastKnownFileType = sourcecode.swift; path = ZoomcarUITests.swift; sourceTree = "<group>"; };
		52A84F522237B45C0028ADFF /* Info.plist */ = {isa = PBXFileReference; lastKnownFileType = text.plist.xml; path = Info.plist; sourceTree = "<group>"; };
		52A84F692238C9290028ADFF /* BookingView.swift */ = {isa = PBXFileReference; lastKnownFileType = sourcecode.swift; path = BookingView.swift; sourceTree = "<group>"; };
		52A84F6B2238D34B0028ADFF /* BookingPresenter.swift */ = {isa = PBXFileReference; lastKnownFileType = sourcecode.swift; path = BookingPresenter.swift; sourceTree = "<group>"; };
		52A84F6D2238D68B0028ADFF /* BookingPresentationContract.swift */ = {isa = PBXFileReference; lastKnownFileType = sourcecode.swift; path = BookingPresentationContract.swift; sourceTree = "<group>"; };
		52A84F6F2238DCD60028ADFF /* DateValidator.swift */ = {isa = PBXFileReference; lastKnownFileType = sourcecode.swift; path = DateValidator.swift; sourceTree = "<group>"; };
		52A84F7322391CC20028ADFF /* Car.swift */ = {isa = PBXFileReference; lastKnownFileType = sourcecode.swift; path = Car.swift; sourceTree = "<group>"; };
		52A84F75223921510028ADFF /* BookingDetails.swift */ = {isa = PBXFileReference; lastKnownFileType = sourcecode.swift; path = BookingDetails.swift; sourceTree = "<group>"; };
		52A84F77223926CE0028ADFF /* Branch.swift */ = {isa = PBXFileReference; lastKnownFileType = sourcecode.swift; path = Branch.swift; sourceTree = "<group>"; };
		52A84F7D223A63F50028ADFF /* Booking.swift */ = {isa = PBXFileReference; lastKnownFileType = sourcecode.swift; path = Booking.swift; sourceTree = "<group>"; };
		52A84F7F223A8CD20028ADFF /* BookingDatabaseService.swift */ = {isa = PBXFileReference; lastKnownFileType = sourcecode.swift; path = BookingDatabaseService.swift; sourceTree = "<group>"; };
		52A84F81223B258C0028ADFF /* BookingDatabaseManager.swift */ = {isa = PBXFileReference; lastKnownFileType = sourcecode.swift; path = BookingDatabaseManager.swift; sourceTree = "<group>"; };
		52A84F83223B29A60028ADFF /* GetBookingDataContract.swift */ = {isa = PBXFileReference; lastKnownFileType = sourcecode.swift; path = GetBookingDataContract.swift; sourceTree = "<group>"; };
		52A84F85223B2D130028ADFF /* GetBookingDatabaseContract.swift */ = {isa = PBXFileReference; lastKnownFileType = sourcecode.swift; path = GetBookingDatabaseContract.swift; sourceTree = "<group>"; };
		52AD48C1229D6F830006DBCD /* FilterViewController.swift */ = {isa = PBXFileReference; lastKnownFileType = sourcecode.swift; path = FilterViewController.swift; sourceTree = "<group>"; };
		52B7910D22C2951E00A72DA8 /* Payment.swift */ = {isa = PBXFileReference; lastKnownFileType = sourcecode.swift; path = Payment.swift; sourceTree = "<group>"; };
		52B7910F22C381C700A72DA8 /* completedBookingsTableCellView.swift */ = {isa = PBXFileReference; lastKnownFileType = sourcecode.swift; path = completedBookingsTableCellView.swift; sourceTree = "<group>"; };
		52B7911122C48A4300A72DA8 /* BookingInvoiceViewController.swift */ = {isa = PBXFileReference; lastKnownFileType = sourcecode.swift; path = BookingInvoiceViewController.swift; sourceTree = "<group>"; };
		52C8640022C51DD200F03821 /* MapkitExtension.swift */ = {isa = PBXFileReference; lastKnownFileType = sourcecode.swift; path = MapkitExtension.swift; sourceTree = "<group>"; };
		52C8640222C5B4A100F03821 /* CompletedRideBookingViewController.swift */ = {isa = PBXFileReference; lastKnownFileType = sourcecode.swift; path = CompletedRideBookingViewController.swift; sourceTree = "<group>"; };
		52F08D3D22B39B87003EBD8C /* NSTextfieldExtension.swift */ = {isa = PBXFileReference; lastKnownFileType = sourcecode.swift; path = NSTextfieldExtension.swift; sourceTree = "<group>"; };
		52F08D3F22B69E1F003EBD8C /* LocationViewController.swift */ = {isa = PBXFileReference; lastKnownFileType = sourcecode.swift; path = LocationViewController.swift; sourceTree = "<group>"; };
		52F08D4122B6A02A003EBD8C /* AddressViewcontroller.swift */ = {isa = PBXFileReference; lastKnownFileType = sourcecode.swift; path = AddressViewcontroller.swift; sourceTree = "<group>"; };
		52F08D4322B6A3C3003EBD8C /* ASTableCellView.swift */ = {isa = PBXFileReference; lastKnownFileType = sourcecode.swift; path = ASTableCellView.swift; sourceTree = "<group>"; };
		52F5A7E0229D0ED400220F29 /* NSButtonExtension.swift */ = {isa = PBXFileReference; lastKnownFileType = sourcecode.swift; path = NSButtonExtension.swift; sourceTree = "<group>"; };
		52F5A7E2229D0FD100220F29 /* BinaryFloatingPointExtension.swift */ = {isa = PBXFileReference; lastKnownFileType = sourcecode.swift; path = BinaryFloatingPointExtension.swift; sourceTree = "<group>"; };
/* End PBXFileReference section */

/* Begin PBXFrameworksBuildPhase section */
		52A84F2C2237B45A0028ADFF /* Frameworks */ = {
			isa = PBXFrameworksBuildPhase;
			buildActionMask = 2147483647;
			files = (
			);
			runOnlyForDeploymentPostprocessing = 0;
		};
		52A84F3E2237B45C0028ADFF /* Frameworks */ = {
			isa = PBXFrameworksBuildPhase;
			buildActionMask = 2147483647;
			files = (
			);
			runOnlyForDeploymentPostprocessing = 0;
		};
		52A84F492237B45C0028ADFF /* Frameworks */ = {
			isa = PBXFrameworksBuildPhase;
			buildActionMask = 2147483647;
			files = (
			);
			runOnlyForDeploymentPostprocessing = 0;
		};
/* End PBXFrameworksBuildPhase section */

/* Begin PBXGroup section */
		52A84F262237B45A0028ADFF = {
			isa = PBXGroup;
			children = (
				52A84F312237B45A0028ADFF /* Zoomcar */,
				52A84F442237B45C0028ADFF /* ZoomcarTests */,
				52A84F4F2237B45C0028ADFF /* ZoomcarUITests */,
				52A84F302237B45A0028ADFF /* Products */,
			);
			sourceTree = "<group>";
		};
		52A84F302237B45A0028ADFF /* Products */ = {
			isa = PBXGroup;
			children = (
				52A84F2F2237B45A0028ADFF /* Zoomcar.app */,
				52A84F412237B45C0028ADFF /* ZoomcarTests.xctest */,
				52A84F4C2237B45C0028ADFF /* ZoomcarUITests.xctest */,
			);
			name = Products;
			sourceTree = "<group>";
		};
		52A84F312237B45A0028ADFF /* Zoomcar */ = {
			isa = PBXGroup;
			children = (
				52A84F632237B74A0028ADFF /* Data */,
				52A84F622237B73D0028ADFF /* Domain */,
				52A84F5E2237B6CB0028ADFF /* Presentation */,
				52A84F322237B45A0028ADFF /* AppDelegate.swift */,
				52F08D4322B6A3C3003EBD8C /* ASTableCellView.swift */,
				522D315822BBA07500253814 /* FPClipView.swift */,
				524CD08A22706A06008F1275 /* KSTableCellView.swift */,
				52B7910F22C381C700A72DA8 /* completedBookingsTableCellView.swift */,
				52C8640022C51DD200F03821 /* MapkitExtension.swift */,
				52F5A7E2229D0FD100220F29 /* BinaryFloatingPointExtension.swift */,
				527E106A22A67D5600DC42DB /* IntegerExtension.swift */,
				522D315E22C0EA9A00253814 /* UpcomingBookingsTableCellView.swift */,
				52F5A7E0229D0ED400220F29 /* NSButtonExtension.swift */,
				52F08D3D22B39B87003EBD8C /* NSTextfieldExtension.swift */,
				52425D1E227DFCCA0038801F /* Constants.swift */,
				52A84F362237B45B0028ADFF /* Assets.xcassets */,
				52A84F382237B45B0028ADFF /* Main.storyboard */,
				52A84F3B2237B45C0028ADFF /* Info.plist */,
				52A84F3C2237B45C0028ADFF /* Zoomcar.entitlements */,
			);
			path = Zoomcar;
			sourceTree = "<group>";
		};
		52A84F442237B45C0028ADFF /* ZoomcarTests */ = {
			isa = PBXGroup;
			children = (
				52A84F452237B45C0028ADFF /* ZoomcarTests.swift */,
				52A84F472237B45C0028ADFF /* Info.plist */,
			);
			path = ZoomcarTests;
			sourceTree = "<group>";
		};
		52A84F4F2237B45C0028ADFF /* ZoomcarUITests */ = {
			isa = PBXGroup;
			children = (
				52A84F502237B45C0028ADFF /* ZoomcarUITests.swift */,
				52A84F522237B45C0028ADFF /* Info.plist */,
			);
			path = ZoomcarUITests;
			sourceTree = "<group>";
		};
		52A84F5E2237B6CB0028ADFF /* Presentation */ = {
			isa = PBXGroup;
			children = (
				52A84F612237B71A0028ADFF /* View */,
				52A84F5F2237B6EE0028ADFF /* Contract */,
				52A84F602237B6FC0028ADFF /* Presenter */,
			);
			path = Presentation;
			sourceTree = "<group>";
		};
		52A84F5F2237B6EE0028ADFF /* Contract */ = {
			isa = PBXGroup;
			children = (
				52A84F6D2238D68B0028ADFF /* BookingPresentationContract.swift */,
			);
			path = Contract;
			sourceTree = "<group>";
		};
		52A84F602237B6FC0028ADFF /* Presenter */ = {
			isa = PBXGroup;
			children = (
				52A84F692238C9290028ADFF /* BookingView.swift */,
				52A84F6B2238D34B0028ADFF /* BookingPresenter.swift */,
			);
			path = Presenter;
			sourceTree = "<group>";
		};
		52A84F612237B71A0028ADFF /* View */ = {
			isa = PBXGroup;
			children = (
				521D6144228B05AA00D9127E /* SplitView.swift */,
				521D6142228B057100D9127E /* SplitViewController.swift */,
				52F08D3F22B69E1F003EBD8C /* LocationViewController.swift */,
				521D6140228B051D00D9127E /* HomeViewController.swift */,
				521D613E228B04EF00D9127E /* SideViewController.swift */,
				52425D20227DFDAD0038801F /* NSViewExtension.swift */,
				5231D534227C423A00F1EF8F /* MainWindowController.swift */,
				52A84F342237B45A0028ADFF /* ViewController.swift */,
				524CD08822706595008F1275 /* CarViewController.swift */,
				527E106622A6737200DC42DB /* CalenderViewController.swift */,
				5282E447227F3BFB005AE41A /* LoginViewController.swift */,
				5282E449227F3C68005AE41A /* CreateAccountViewController.swift */,
				5282E44D227F3C95005AE41A /* ProceedCreateViewController.swift */,
				52AD48C1229D6F830006DBCD /* FilterViewController.swift */,
				52F08D4122B6A02A003EBD8C /* AddressViewcontroller.swift */,
				522D315A22BBCA2600253814 /* PaymentModeViewController.swift */,
				52B7911122C48A4300A72DA8 /* BookingInvoiceViewController.swift */,
				522D315C22C0C39700253814 /* yourRidesViewController.swift */,
				52C8640222C5B4A100F03821 /* CompletedRideBookingViewController.swift */,
				527E106C22A9851900DC42DB /* ConfirmationViewController.swift */,
				522D315622BB9E2C00253814 /* PaymentViewController.swift */,
			);
			path = View;
			sourceTree = "<group>";
		};
		52A84F622237B73D0028ADFF /* Domain */ = {
			isa = PBXGroup;
			children = (
				52A84F662237B7AF0028ADFF /* Usecase */,
				52A84F652237B79E0028ADFF /* Entity */,
				52A84F642237B78E0028ADFF /* Contract */,
			);
			path = Domain;
			sourceTree = "<group>";
		};
		52A84F632237B74A0028ADFF /* Data */ = {
			isa = PBXGroup;
			children = (
				52A84F682237B7D00028ADFF /* DataManager */,
				52A84F672237B7C40028ADFF /* Database */,
			);
			path = Data;
			sourceTree = "<group>";
		};
		52A84F642237B78E0028ADFF /* Contract */ = {
			isa = PBXGroup;
			children = (
				52A84F83223B29A60028ADFF /* GetBookingDataContract.swift */,
			);
			path = Contract;
			sourceTree = "<group>";
		};
		52A84F652237B79E0028ADFF /* Entity */ = {
			isa = PBXGroup;
			children = (
				52A84F7322391CC20028ADFF /* Car.swift */,
				52A84F75223921510028ADFF /* BookingDetails.swift */,
				52B7910D22C2951E00A72DA8 /* Payment.swift */,
				52A84F77223926CE0028ADFF /* Branch.swift */,
			);
			path = Entity;
			sourceTree = "<group>";
		};
		52A84F662237B7AF0028ADFF /* Usecase */ = {
			isa = PBXGroup;
			children = (
				52A84F7D223A63F50028ADFF /* Booking.swift */,
				52A84F6F2238DCD60028ADFF /* DateValidator.swift */,
			);
			path = Usecase;
			sourceTree = "<group>";
		};
		52A84F672237B7C40028ADFF /* Database */ = {
			isa = PBXGroup;
			children = (
				52A84F7F223A8CD20028ADFF /* BookingDatabaseService.swift */,
			);
			path = Database;
			sourceTree = "<group>";
		};
		52A84F682237B7D00028ADFF /* DataManager */ = {
			isa = PBXGroup;
			children = (
				52A84F81223B258C0028ADFF /* BookingDatabaseManager.swift */,
				52A84F85223B2D130028ADFF /* GetBookingDatabaseContract.swift */,
			);
			path = DataManager;
			sourceTree = "<group>";
		};
/* End PBXGroup section */

/* Begin PBXNativeTarget section */
		52A84F2E2237B45A0028ADFF /* Zoomcar */ = {
			isa = PBXNativeTarget;
			buildConfigurationList = 52A84F552237B45C0028ADFF /* Build configuration list for PBXNativeTarget "Zoomcar" */;
			buildPhases = (
				52A84F2B2237B45A0028ADFF /* Sources */,
				52A84F2C2237B45A0028ADFF /* Frameworks */,
				52A84F2D2237B45A0028ADFF /* Resources */,
			);
			buildRules = (
			);
			dependencies = (
			);
			name = Zoomcar;
			productName = Zoomcar;
			productReference = 52A84F2F2237B45A0028ADFF /* Zoomcar.app */;
			productType = "com.apple.product-type.application";
		};
		52A84F402237B45C0028ADFF /* ZoomcarTests */ = {
			isa = PBXNativeTarget;
			buildConfigurationList = 52A84F582237B45C0028ADFF /* Build configuration list for PBXNativeTarget "ZoomcarTests" */;
			buildPhases = (
				52A84F3D2237B45C0028ADFF /* Sources */,
				52A84F3E2237B45C0028ADFF /* Frameworks */,
				52A84F3F2237B45C0028ADFF /* Resources */,
			);
			buildRules = (
			);
			dependencies = (
				52A84F432237B45C0028ADFF /* PBXTargetDependency */,
			);
			name = ZoomcarTests;
			productName = ZoomcarTests;
			productReference = 52A84F412237B45C0028ADFF /* ZoomcarTests.xctest */;
			productType = "com.apple.product-type.bundle.unit-test";
		};
		52A84F4B2237B45C0028ADFF /* ZoomcarUITests */ = {
			isa = PBXNativeTarget;
			buildConfigurationList = 52A84F5B2237B45C0028ADFF /* Build configuration list for PBXNativeTarget "ZoomcarUITests" */;
			buildPhases = (
				52A84F482237B45C0028ADFF /* Sources */,
				52A84F492237B45C0028ADFF /* Frameworks */,
				52A84F4A2237B45C0028ADFF /* Resources */,
			);
			buildRules = (
			);
			dependencies = (
				52A84F4E2237B45C0028ADFF /* PBXTargetDependency */,
			);
			name = ZoomcarUITests;
			productName = ZoomcarUITests;
			productReference = 52A84F4C2237B45C0028ADFF /* ZoomcarUITests.xctest */;
			productType = "com.apple.product-type.bundle.ui-testing";
		};
/* End PBXNativeTarget section */

/* Begin PBXProject section */
		52A84F272237B45A0028ADFF /* Project object */ = {
			isa = PBXProject;
			attributes = {
				LastSwiftUpdateCheck = 1010;
				LastUpgradeCheck = 1010;
				ORGANIZATIONNAME = "prithvi-pt2335";
				TargetAttributes = {
					52A84F2E2237B45A0028ADFF = {
						CreatedOnToolsVersion = 10.1;
						LastSwiftMigration = 1020;
						SystemCapabilities = {
							com.apple.Sandbox = {
								enabled = 1;
							};
						};
					};
					52A84F402237B45C0028ADFF = {
						CreatedOnToolsVersion = 10.1;
						LastSwiftMigration = 1020;
						TestTargetID = 52A84F2E2237B45A0028ADFF;
					};
					52A84F4B2237B45C0028ADFF = {
						CreatedOnToolsVersion = 10.1;
						LastSwiftMigration = 1020;
						TestTargetID = 52A84F2E2237B45A0028ADFF;
					};
				};
			};
			buildConfigurationList = 52A84F2A2237B45A0028ADFF /* Build configuration list for PBXProject "Zoomcar" */;
			compatibilityVersion = "Xcode 9.3";
			developmentRegion = en;
			hasScannedForEncodings = 0;
			knownRegions = (
				en,
				Base,
			);
			mainGroup = 52A84F262237B45A0028ADFF;
			productRefGroup = 52A84F302237B45A0028ADFF /* Products */;
			projectDirPath = "";
			projectRoot = "";
			targets = (
				52A84F2E2237B45A0028ADFF /* Zoomcar */,
				52A84F402237B45C0028ADFF /* ZoomcarTests */,
				52A84F4B2237B45C0028ADFF /* ZoomcarUITests */,
			);
		};
/* End PBXProject section */

/* Begin PBXResourcesBuildPhase section */
		52A84F2D2237B45A0028ADFF /* Resources */ = {
			isa = PBXResourcesBuildPhase;
			buildActionMask = 2147483647;
			files = (
				52A84F372237B45B0028ADFF /* Assets.xcassets in Resources */,
				52A84F3A2237B45B0028ADFF /* Main.storyboard in Resources */,
			);
			runOnlyForDeploymentPostprocessing = 0;
		};
		52A84F3F2237B45C0028ADFF /* Resources */ = {
			isa = PBXResourcesBuildPhase;
			buildActionMask = 2147483647;
			files = (
			);
			runOnlyForDeploymentPostprocessing = 0;
		};
		52A84F4A2237B45C0028ADFF /* Resources */ = {
			isa = PBXResourcesBuildPhase;
			buildActionMask = 2147483647;
			files = (
			);
			runOnlyForDeploymentPostprocessing = 0;
		};
/* End PBXResourcesBuildPhase section */

/* Begin PBXSourcesBuildPhase section */
		52A84F2B2237B45A0028ADFF /* Sources */ = {
			isa = PBXSourcesBuildPhase;
			buildActionMask = 2147483647;
			files = (
				527E106722A6737200DC42DB /* CalenderViewController.swift in Sources */,
				52F08D3E22B39B87003EBD8C /* NSTextfieldExtension.swift in Sources */,
				52C8640122C51DD200F03821 /* MapkitExtension.swift in Sources */,
				521D6141228B051D00D9127E /* HomeViewController.swift in Sources */,
				5282E44B227F3C68005AE41A /* CreateAccountViewController.swift in Sources */,
				52A84F80223A8CD20028ADFF /* BookingDatabaseService.swift in Sources */,
				524CD08B22706A06008F1275 /* KSTableCellView.swift in Sources */,
				522D315F22C0EA9A00253814 /* UpcomingBookingsTableCellView.swift in Sources */,
				522D315922BBA07500253814 /* FPClipView.swift in Sources */,
				52F5A7E1229D0ED400220F29 /* NSButtonExtension.swift in Sources */,
				527E106D22A9851900DC42DB /* ConfirmationViewController.swift in Sources */,
				52A84F702238DCD60028ADFF /* DateValidator.swift in Sources */,
				522D315722BB9E2D00253814 /* PaymentViewController.swift in Sources */,
				521D6145228B05AA00D9127E /* SplitView.swift in Sources */,
				52A84F7E223A63F50028ADFF /* Booking.swift in Sources */,
				52A84F78223926CE0028ADFF /* Branch.swift in Sources */,
				52B7911022C381C700A72DA8 /* completedBookingsTableCellView.swift in Sources */,
				52A84F84223B29A60028ADFF /* GetBookingDataContract.swift in Sources */,
				52B7910E22C2951E00A72DA8 /* Payment.swift in Sources */,
				52A84F352237B45A0028ADFF /* ViewController.swift in Sources */,
				521D6143228B057100D9127E /* SplitViewController.swift in Sources */,
				52A84F6E2238D68B0028ADFF /* BookingPresentationContract.swift in Sources */,
				5282E448227F3BFB005AE41A /* LoginViewController.swift in Sources */,
				52B7911222C48A4400A72DA8 /* BookingInvoiceViewController.swift in Sources */,
				522D315B22BBCA2600253814 /* PaymentModeViewController.swift in Sources */,
				52A84F6A2238C9290028ADFF /* BookingView.swift in Sources */,
				5231D536227C423A00F1EF8F /* MainWindowController.swift in Sources */,
				52AD48C2229D6F830006DBCD /* FilterViewController.swift in Sources */,
				52A84F6C2238D34B0028ADFF /* BookingPresenter.swift in Sources */,
				52F08D4022B69E1F003EBD8C /* LocationViewController.swift in Sources */,
				52425D21227DFDAD0038801F /* NSViewExtension.swift in Sources */,
				52F08D4222B6A02A003EBD8C /* AddressViewcontroller.swift in Sources */,
				52A84F82223B258C0028ADFF /* BookingDatabaseManager.swift in Sources */,
				5282E44E227F3C95005AE41A /* ProceedCreateViewController.swift in Sources */,
				524CD08922706595008F1275 /* CarViewController.swift in Sources */,
				52F5A7E3229D0FD100220F29 /* BinaryFloatingPointExtension.swift in Sources */,
				52A84F86223B2D130028ADFF /* GetBookingDatabaseContract.swift in Sources */,
				52A84F7422391CC20028ADFF /* Car.swift in Sources */,
				52C8640322C5B4A100F03821 /* CompletedRideBookingViewController.swift in Sources */,
				52A84F76223921520028ADFF /* BookingDetails.swift in Sources */,
				52F08D4422B6A3C3003EBD8C /* ASTableCellView.swift in Sources */,
				52A84F332237B45A0028ADFF /* AppDelegate.swift in Sources */,
				527E106B22A67D5600DC42DB /* IntegerExtension.swift in Sources */,
				522D315D22C0C39700253814 /* yourRidesViewController.swift in Sources */,
				52425D1F227DFCCA0038801F /* Constants.swift in Sources */,
				521D613F228B04EF00D9127E /* SideViewController.swift in Sources */,
			);
			runOnlyForDeploymentPostprocessing = 0;
		};
		52A84F3D2237B45C0028ADFF /* Sources */ = {
			isa = PBXSourcesBuildPhase;
			buildActionMask = 2147483647;
			files = (
				52A84F462237B45C0028ADFF /* ZoomcarTests.swift in Sources */,
			);
			runOnlyForDeploymentPostprocessing = 0;
		};
		52A84F482237B45C0028ADFF /* Sources */ = {
			isa = PBXSourcesBuildPhase;
			buildActionMask = 2147483647;
			files = (
				52A84F512237B45C0028ADFF /* ZoomcarUITests.swift in Sources */,
			);
			runOnlyForDeploymentPostprocessing = 0;
		};
/* End PBXSourcesBuildPhase section */

/* Begin PBXTargetDependency section */
		52A84F432237B45C0028ADFF /* PBXTargetDependency */ = {
			isa = PBXTargetDependency;
			target = 52A84F2E2237B45A0028ADFF /* Zoomcar */;
			targetProxy = 52A84F422237B45C0028ADFF /* PBXContainerItemProxy */;
		};
		52A84F4E2237B45C0028ADFF /* PBXTargetDependency */ = {
			isa = PBXTargetDependency;
			target = 52A84F2E2237B45A0028ADFF /* Zoomcar */;
			targetProxy = 52A84F4D2237B45C0028ADFF /* PBXContainerItemProxy */;
		};
/* End PBXTargetDependency section */

/* Begin PBXVariantGroup section */
		52A84F382237B45B0028ADFF /* Main.storyboard */ = {
			isa = PBXVariantGroup;
			children = (
				52A84F392237B45B0028ADFF /* Base */,
			);
			name = Main.storyboard;
			sourceTree = "<group>";
		};
/* End PBXVariantGroup section */

/* Begin XCBuildConfiguration section */
		52A84F532237B45C0028ADFF /* Debug */ = {
			isa = XCBuildConfiguration;
			buildSettings = {
				ALWAYS_SEARCH_USER_PATHS = NO;
				CLANG_ANALYZER_NONNULL = YES;
				CLANG_ANALYZER_NUMBER_OBJECT_CONVERSION = YES_AGGRESSIVE;
				CLANG_CXX_LANGUAGE_STANDARD = "gnu++14";
				CLANG_CXX_LIBRARY = "libc++";
				CLANG_ENABLE_MODULES = YES;
				CLANG_ENABLE_OBJC_ARC = YES;
				CLANG_ENABLE_OBJC_WEAK = YES;
				CLANG_WARN_BLOCK_CAPTURE_AUTORELEASING = YES;
				CLANG_WARN_BOOL_CONVERSION = YES;
				CLANG_WARN_COMMA = YES;
				CLANG_WARN_CONSTANT_CONVERSION = YES;
				CLANG_WARN_DEPRECATED_OBJC_IMPLEMENTATIONS = YES;
				CLANG_WARN_DIRECT_OBJC_ISA_USAGE = YES_ERROR;
				CLANG_WARN_DOCUMENTATION_COMMENTS = YES;
				CLANG_WARN_EMPTY_BODY = YES;
				CLANG_WARN_ENUM_CONVERSION = YES;
				CLANG_WARN_INFINITE_RECURSION = YES;
				CLANG_WARN_INT_CONVERSION = YES;
				CLANG_WARN_NON_LITERAL_NULL_CONVERSION = YES;
				CLANG_WARN_OBJC_IMPLICIT_RETAIN_SELF = YES;
				CLANG_WARN_OBJC_LITERAL_CONVERSION = YES;
				CLANG_WARN_OBJC_ROOT_CLASS = YES_ERROR;
				CLANG_WARN_RANGE_LOOP_ANALYSIS = YES;
				CLANG_WARN_STRICT_PROTOTYPES = YES;
				CLANG_WARN_SUSPICIOUS_MOVE = YES;
				CLANG_WARN_UNGUARDED_AVAILABILITY = YES_AGGRESSIVE;
				CLANG_WARN_UNREACHABLE_CODE = YES;
				CLANG_WARN__DUPLICATE_METHOD_MATCH = YES;
				CODE_SIGN_IDENTITY = "-";
				COPY_PHASE_STRIP = NO;
				DEBUG_INFORMATION_FORMAT = dwarf;
				ENABLE_STRICT_OBJC_MSGSEND = YES;
				ENABLE_TESTABILITY = YES;
				GCC_C_LANGUAGE_STANDARD = gnu11;
				GCC_DYNAMIC_NO_PIC = NO;
				GCC_NO_COMMON_BLOCKS = YES;
				GCC_OPTIMIZATION_LEVEL = 0;
				GCC_PREPROCESSOR_DEFINITIONS = (
					"DEBUG=1",
					"$(inherited)",
				);
				GCC_WARN_64_TO_32_BIT_CONVERSION = YES;
				GCC_WARN_ABOUT_RETURN_TYPE = YES_ERROR;
				GCC_WARN_UNDECLARED_SELECTOR = YES;
				GCC_WARN_UNINITIALIZED_AUTOS = YES_AGGRESSIVE;
				GCC_WARN_UNUSED_FUNCTION = YES;
				GCC_WARN_UNUSED_VARIABLE = YES;
				MACOSX_DEPLOYMENT_TARGET = 10.13;
				MTL_ENABLE_DEBUG_INFO = INCLUDE_SOURCE;
				MTL_FAST_MATH = YES;
				ONLY_ACTIVE_ARCH = YES;
				SDKROOT = macosx;
				SWIFT_ACTIVE_COMPILATION_CONDITIONS = DEBUG;
				SWIFT_OPTIMIZATION_LEVEL = "-Onone";
			};
			name = Debug;
		};
		52A84F542237B45C0028ADFF /* Release */ = {
			isa = XCBuildConfiguration;
			buildSettings = {
				ALWAYS_SEARCH_USER_PATHS = NO;
				CLANG_ANALYZER_NONNULL = YES;
				CLANG_ANALYZER_NUMBER_OBJECT_CONVERSION = YES_AGGRESSIVE;
				CLANG_CXX_LANGUAGE_STANDARD = "gnu++14";
				CLANG_CXX_LIBRARY = "libc++";
				CLANG_ENABLE_MODULES = YES;
				CLANG_ENABLE_OBJC_ARC = YES;
				CLANG_ENABLE_OBJC_WEAK = YES;
				CLANG_WARN_BLOCK_CAPTURE_AUTORELEASING = YES;
				CLANG_WARN_BOOL_CONVERSION = YES;
				CLANG_WARN_COMMA = YES;
				CLANG_WARN_CONSTANT_CONVERSION = YES;
				CLANG_WARN_DEPRECATED_OBJC_IMPLEMENTATIONS = YES;
				CLANG_WARN_DIRECT_OBJC_ISA_USAGE = YES_ERROR;
				CLANG_WARN_DOCUMENTATION_COMMENTS = YES;
				CLANG_WARN_EMPTY_BODY = YES;
				CLANG_WARN_ENUM_CONVERSION = YES;
				CLANG_WARN_INFINITE_RECURSION = YES;
				CLANG_WARN_INT_CONVERSION = YES;
				CLANG_WARN_NON_LITERAL_NULL_CONVERSION = YES;
				CLANG_WARN_OBJC_IMPLICIT_RETAIN_SELF = YES;
				CLANG_WARN_OBJC_LITERAL_CONVERSION = YES;
				CLANG_WARN_OBJC_ROOT_CLASS = YES_ERROR;
				CLANG_WARN_RANGE_LOOP_ANALYSIS = YES;
				CLANG_WARN_STRICT_PROTOTYPES = YES;
				CLANG_WARN_SUSPICIOUS_MOVE = YES;
				CLANG_WARN_UNGUARDED_AVAILABILITY = YES_AGGRESSIVE;
				CLANG_WARN_UNREACHABLE_CODE = YES;
				CLANG_WARN__DUPLICATE_METHOD_MATCH = YES;
				CODE_SIGN_IDENTITY = "-";
				COPY_PHASE_STRIP = NO;
				DEBUG_INFORMATION_FORMAT = "dwarf-with-dsym";
				ENABLE_NS_ASSERTIONS = NO;
				ENABLE_STRICT_OBJC_MSGSEND = YES;
				GCC_C_LANGUAGE_STANDARD = gnu11;
				GCC_NO_COMMON_BLOCKS = YES;
				GCC_WARN_64_TO_32_BIT_CONVERSION = YES;
				GCC_WARN_ABOUT_RETURN_TYPE = YES_ERROR;
				GCC_WARN_UNDECLARED_SELECTOR = YES;
				GCC_WARN_UNINITIALIZED_AUTOS = YES_AGGRESSIVE;
				GCC_WARN_UNUSED_FUNCTION = YES;
				GCC_WARN_UNUSED_VARIABLE = YES;
				MACOSX_DEPLOYMENT_TARGET = 10.13;
				MTL_ENABLE_DEBUG_INFO = NO;
				MTL_FAST_MATH = YES;
				SDKROOT = macosx;
				SWIFT_COMPILATION_MODE = wholemodule;
				SWIFT_OPTIMIZATION_LEVEL = "-O";
			};
			name = Release;
		};
		52A84F562237B45C0028ADFF /* Debug */ = {
			isa = XCBuildConfiguration;
			buildSettings = {
				ASSETCATALOG_COMPILER_APPICON_NAME = AppIcon;
				CODE_SIGN_ENTITLEMENTS = Zoomcar/Zoomcar.entitlements;
				CODE_SIGN_STYLE = Automatic;
				COMBINE_HIDPI_IMAGES = YES;
				INFOPLIST_FILE = Zoomcar/Info.plist;
				LD_RUNPATH_SEARCH_PATHS = (
					"$(inherited)",
					"@executable_path/../Frameworks",
				);
				PRODUCT_BUNDLE_IDENTIFIER = pv.Zoomcar;
				PRODUCT_NAME = "$(TARGET_NAME)";
				SWIFT_VERSION = 5.0;
			};
			name = Debug;
		};
		52A84F572237B45C0028ADFF /* Release */ = {
			isa = XCBuildConfiguration;
			buildSettings = {
				ASSETCATALOG_COMPILER_APPICON_NAME = AppIcon;
				CODE_SIGN_ENTITLEMENTS = Zoomcar/Zoomcar.entitlements;
				CODE_SIGN_STYLE = Automatic;
				COMBINE_HIDPI_IMAGES = YES;
				INFOPLIST_FILE = Zoomcar/Info.plist;
				LD_RUNPATH_SEARCH_PATHS = (
					"$(inherited)",
					"@executable_path/../Frameworks",
				);
				PRODUCT_BUNDLE_IDENTIFIER = pv.Zoomcar;
				PRODUCT_NAME = "$(TARGET_NAME)";
				SWIFT_VERSION = 5.0;
			};
			name = Release;
		};
		52A84F592237B45C0028ADFF /* Debug */ = {
			isa = XCBuildConfiguration;
			buildSettings = {
				ALWAYS_EMBED_SWIFT_STANDARD_LIBRARIES = YES;
				BUNDLE_LOADER = "$(TEST_HOST)";
				CODE_SIGN_STYLE = Automatic;
				COMBINE_HIDPI_IMAGES = YES;
				INFOPLIST_FILE = ZoomcarTests/Info.plist;
				LD_RUNPATH_SEARCH_PATHS = (
					"$(inherited)",
					"@executable_path/../Frameworks",
					"@loader_path/../Frameworks",
				);
				PRODUCT_BUNDLE_IDENTIFIER = pv.ZoomcarTests;
				PRODUCT_NAME = "$(TARGET_NAME)";
				SWIFT_VERSION = 5.0;
				TEST_HOST = "$(BUILT_PRODUCTS_DIR)/Zoomcar.app/Contents/MacOS/Zoomcar";
			};
			name = Debug;
		};
		52A84F5A2237B45C0028ADFF /* Release */ = {
			isa = XCBuildConfiguration;
			buildSettings = {
				ALWAYS_EMBED_SWIFT_STANDARD_LIBRARIES = YES;
				BUNDLE_LOADER = "$(TEST_HOST)";
				CODE_SIGN_STYLE = Automatic;
				COMBINE_HIDPI_IMAGES = YES;
				INFOPLIST_FILE = ZoomcarTests/Info.plist;
				LD_RUNPATH_SEARCH_PATHS = (
					"$(inherited)",
					"@executable_path/../Frameworks",
					"@loader_path/../Frameworks",
				);
				PRODUCT_BUNDLE_IDENTIFIER = pv.ZoomcarTests;
				PRODUCT_NAME = "$(TARGET_NAME)";
				SWIFT_VERSION = 5.0;
				TEST_HOST = "$(BUILT_PRODUCTS_DIR)/Zoomcar.app/Contents/MacOS/Zoomcar";
			};
			name = Release;
		};
		52A84F5C2237B45C0028ADFF /* Debug */ = {
			isa = XCBuildConfiguration;
			buildSettings = {
				ALWAYS_EMBED_SWIFT_STANDARD_LIBRARIES = YES;
				CODE_SIGN_STYLE = Automatic;
				COMBINE_HIDPI_IMAGES = YES;
				INFOPLIST_FILE = ZoomcarUITests/Info.plist;
				LD_RUNPATH_SEARCH_PATHS = (
					"$(inherited)",
					"@executable_path/../Frameworks",
					"@loader_path/../Frameworks",
				);
				PRODUCT_BUNDLE_IDENTIFIER = pv.ZoomcarUITests;
				PRODUCT_NAME = "$(TARGET_NAME)";
				SWIFT_VERSION = 5.0;
				TEST_TARGET_NAME = Zoomcar;
			};
			name = Debug;
		};
		52A84F5D2237B45C0028ADFF /* Release */ = {
			isa = XCBuildConfiguration;
			buildSettings = {
				ALWAYS_EMBED_SWIFT_STANDARD_LIBRARIES = YES;
				CODE_SIGN_STYLE = Automatic;
				COMBINE_HIDPI_IMAGES = YES;
				INFOPLIST_FILE = ZoomcarUITests/Info.plist;
				LD_RUNPATH_SEARCH_PATHS = (
					"$(inherited)",
					"@executable_path/../Frameworks",
					"@loader_path/../Frameworks",
				);
				PRODUCT_BUNDLE_IDENTIFIER = pv.ZoomcarUITests;
				PRODUCT_NAME = "$(TARGET_NAME)";
				SWIFT_VERSION = 5.0;
				TEST_TARGET_NAME = Zoomcar;
			};
			name = Release;
		};
/* End XCBuildConfiguration section */

/* Begin XCConfigurationList section */
		52A84F2A2237B45A0028ADFF /* Build configuration list for PBXProject "Zoomcar" */ = {
			isa = XCConfigurationList;
			buildConfigurations = (
				52A84F532237B45C0028ADFF /* Debug */,
				52A84F542237B45C0028ADFF /* Release */,
			);
			defaultConfigurationIsVisible = 0;
			defaultConfigurationName = Release;
		};
		52A84F552237B45C0028ADFF /* Build configuration list for PBXNativeTarget "Zoomcar" */ = {
			isa = XCConfigurationList;
			buildConfigurations = (
				52A84F562237B45C0028ADFF /* Debug */,
				52A84F572237B45C0028ADFF /* Release */,
			);
			defaultConfigurationIsVisible = 0;
			defaultConfigurationName = Release;
		};
		52A84F582237B45C0028ADFF /* Build configuration list for PBXNativeTarget "ZoomcarTests" */ = {
			isa = XCConfigurationList;
			buildConfigurations = (
				52A84F592237B45C0028ADFF /* Debug */,
				52A84F5A2237B45C0028ADFF /* Release */,
			);
			defaultConfigurationIsVisible = 0;
			defaultConfigurationName = Release;
		};
		52A84F5B2237B45C0028ADFF /* Build configuration list for PBXNativeTarget "ZoomcarUITests" */ = {
			isa = XCConfigurationList;
			buildConfigurations = (
				52A84F5C2237B45C0028ADFF /* Debug */,
				52A84F5D2237B45C0028ADFF /* Release */,
			);
			defaultConfigurationIsVisible = 0;
			defaultConfigurationName = Release;
		};
/* End XCConfigurationList section */
	};
	rootObject = 52A84F272237B45A0028ADFF /* Project object */;
}
